PODS:
  - AGAsyncTestHelper (0.2.2)
  - OHHTTPStubs (3.1.7):
    - OHHTTPStubs/Core (= 3.1.7)
  - OHHTTPStubs/Core (3.1.7)

DEPENDENCIES:
  - AGAsyncTestHelper (~> 0.2.2)
  - OHHTTPStubs (~> 3.1.5)

SPEC CHECKSUMS:
  AGAsyncTestHelper: 5d50910d1dcb4ef97252a7a7c15cc2998bf9de73
  OHHTTPStubs: b571bd884ce1ebdbda850ea41674b9fbb9eba667

COCOAPODS: 0.35.0
