// !$*UTF8*$!
{
	archiveVersion = 1;
	classes = {
	};
	objectVersion = 46;
	objects = {

/* Begin PBXBuildFile section */
		966DC1171A1FA3F900E2984E /* main.m in Sources */ = {isa = PBXBuildFile; fileRef = 966DC1161A1FA3F900E2984E /* main.m */; };
		966DC1311A1FA3F900E2984E /* JSCoreBomTests.m in Sources */ = {isa = PBXBuildFile; fileRef = 966DC1301A1FA3F900E2984E /* JSCoreBomTests.m */; };
		966DC13C1A1FA44400E2984E /* JSCoreBom.m in Sources */ = {isa = PBXBuildFile; fileRef = 966DC13B1A1FA44400E2984E /* JSCoreBom.m */; };
		966DC13E1A1FA48400E2984E /* JavaScriptCore.framework in Frameworks */ = {isa = PBXBuildFile; fileRef = 966DC13D1A1FA48400E2984E /* JavaScriptCore.framework */; };
		968B8CAB1A2A6DB600AC363E /* ModuleXMLHttpRequest.m in Sources */ = {isa = PBXBuildFile; fileRef = 968B8CAA1A2A6DB600AC363E /* ModuleXMLHttpRequest.m */; };
		E93876C73144F40F8FB1F11F /* libPods-JSCoreBomTests.a in Frameworks */ = {isa = PBXBuildFile; fileRef = A1EDE9275AE88D223E5063BD /* libPods-JSCoreBomTests.a */; };
/* End PBXBuildFile section */

/* Begin PBXContainerItemProxy section */
		966DC12B1A1FA3F900E2984E /* PBXContainerItemProxy */ = {
			isa = PBXContainerItemProxy;
			containerPortal = 966DC1091A1FA3F900E2984E /* Project object */;
			proxyType = 1;
			remoteGlobalIDString = 966DC1101A1FA3F900E2984E;
			remoteInfo = JSCoreBom;
		};
/* End PBXContainerItemProxy section */

/* Begin PBXFileReference section */
		39AE5F0AA38781C851BEFEE7 /* Pods-JSCoreBomTests.debug.xcconfig */ = {isa = PBXFileReference; includeInIndex = 1; lastKnownFileType = text.xcconfig; name = "Pods-JSCoreBomTests.debug.xcconfig"; path = "Pods/Target Support Files/Pods-JSCoreBomTests/Pods-JSCoreBomTests.debug.xcconfig"; sourceTree = "<group>"; };
		966DC1111A1FA3F900E2984E /* JSCoreBom.app */ = {isa = PBXFileReference; explicitFileType = wrapper.application; includeInIndex = 0; path = JSCoreBom.app; sourceTree = BUILT_PRODUCTS_DIR; };
		966DC1151A1FA3F900E2984E /* Info.plist */ = {isa = PBXFileReference; lastKnownFileType = text.plist.xml; path = Info.plist; sourceTree = "<group>"; };
		966DC1161A1FA3F900E2984E /* main.m */ = {isa = PBXFileReference; lastKnownFileType = sourcecode.c.objc; path = main.m; sourceTree = "<group>"; };
		966DC12A1A1FA3F900E2984E /* JSCoreBomTests.xctest */ = {isa = PBXFileReference; explicitFileType = wrapper.cfbundle; includeInIndex = 0; path = JSCoreBomTests.xctest; sourceTree = BUILT_PRODUCTS_DIR; };
		966DC12F1A1FA3F900E2984E /* Info.plist */ = {isa = PBXFileReference; lastKnownFileType = text.plist.xml; path = Info.plist; sourceTree = "<group>"; };
		966DC1301A1FA3F900E2984E /* JSCoreBomTests.m */ = {isa = PBXFileReference; lastKnownFileType = sourcecode.c.objc; path = JSCoreBomTests.m; sourceTree = "<group>"; };
		966DC13A1A1FA44400E2984E /* JSCoreBom.h */ = {isa = PBXFileReference; fileEncoding = 4; lastKnownFileType = sourcecode.c.h; path = JSCoreBom.h; sourceTree = "<group>"; };
		966DC13B1A1FA44400E2984E /* JSCoreBom.m */ = {isa = PBXFileReference; fileEncoding = 4; lastKnownFileType = sourcecode.c.objc; path = JSCoreBom.m; sourceTree = "<group>"; };
		966DC13D1A1FA48400E2984E /* JavaScriptCore.framework */ = {isa = PBXFileReference; lastKnownFileType = wrapper.framework; name = JavaScriptCore.framework; path = System/Library/Frameworks/JavaScriptCore.framework; sourceTree = SDKROOT; };
		968B8CA91A2A6DB600AC363E /* ModuleXMLHttpRequest.h */ = {isa = PBXFileReference; fileEncoding = 4; lastKnownFileType = sourcecode.c.h; path = ModuleXMLHttpRequest.h; sourceTree = "<group>"; };
		968B8CAA1A2A6DB600AC363E /* ModuleXMLHttpRequest.m */ = {isa = PBXFileReference; fileEncoding = 4; lastKnownFileType = sourcecode.c.objc; path = ModuleXMLHttpRequest.m; sourceTree = "<group>"; };
		A1EDE9275AE88D223E5063BD /* libPods-JSCoreBomTests.a */ = {isa = PBXFileReference; explicitFileType = archive.ar; includeInIndex = 0; path = "libPods-JSCoreBomTests.a"; sourceTree = BUILT_PRODUCTS_DIR; };
		EA6738D23F7E8BD07847C3C1 /* Pods-JSCoreBomTests.release.xcconfig */ = {isa = PBXFileReference; includeInIndex = 1; lastKnownFileType = text.xcconfig; name = "Pods-JSCoreBomTests.release.xcconfig"; path = "Pods/Target Support Files/Pods-JSCoreBomTests/Pods-JSCoreBomTests.release.xcconfig"; sourceTree = "<group>"; };
/* End PBXFileReference section */

/* Begin PBXFrameworksBuildPhase section */
		966DC10E1A1FA3F900E2984E /* Frameworks */ = {
			isa = PBXFrameworksBuildPhase;
			buildActionMask = 2147483647;
			files = (
				966DC13E1A1FA48400E2984E /* JavaScriptCore.framework in Frameworks */,
			);
			runOnlyForDeploymentPostprocessing = 0;
		};
		966DC1271A1FA3F900E2984E /* Frameworks */ = {
			isa = PBXFrameworksBuildPhase;
			buildActionMask = 2147483647;
			files = (
				E93876C73144F40F8FB1F11F /* libPods-JSCoreBomTests.a in Frameworks */,
			);
			runOnlyForDeploymentPostprocessing = 0;
		};
/* End PBXFrameworksBuildPhase section */

/* Begin PBXGroup section */
		32C4754F6F7E194EB66A245E /* Frameworks */ = {
			isa = PBXGroup;
			children = (
				A1EDE9275AE88D223E5063BD /* libPods-JSCoreBomTests.a */,
			);
			name = Frameworks;
			sourceTree = "<group>";
		};
		966DC1081A1FA3F900E2984E = {
			isa = PBXGroup;
			children = (
				966DC1131A1FA3F900E2984E /* JSCoreBom */,
				966DC12D1A1FA3F900E2984E /* JSCoreBomTests */,
				966DC1121A1FA3F900E2984E /* Products */,
				FA47A6370E7B90994A9D6F12 /* Pods */,
				32C4754F6F7E194EB66A245E /* Frameworks */,
			);
			sourceTree = "<group>";
		};
		966DC1121A1FA3F900E2984E /* Products */ = {
			isa = PBXGroup;
			children = (
				966DC1111A1FA3F900E2984E /* JSCoreBom.app */,
				966DC12A1A1FA3F900E2984E /* JSCoreBomTests.xctest */,
			);
			name = Products;
			sourceTree = "<group>";
		};
		966DC1131A1FA3F900E2984E /* JSCoreBom */ = {
			isa = PBXGroup;
			children = (
				968B8CA81A2A6D9D00AC363E /* Modules */,
				966DC13A1A1FA44400E2984E /* JSCoreBom.h */,
				966DC13B1A1FA44400E2984E /* JSCoreBom.m */,
				966DC1151A1FA3F900E2984E /* Info.plist */,
				966DC1161A1FA3F900E2984E /* main.m */,
				966DC13D1A1FA48400E2984E /* JavaScriptCore.framework */,
			);
			path = JSCoreBom;
			sourceTree = "<group>";
		};
		966DC12D1A1FA3F900E2984E /* JSCoreBomTests */ = {
			isa = PBXGroup;
			children = (
				966DC1301A1FA3F900E2984E /* JSCoreBomTests.m */,
				966DC12E1A1FA3F900E2984E /* Supporting Files */,
			);
			path = JSCoreBomTests;
			sourceTree = "<group>";
		};
		966DC12E1A1FA3F900E2984E /* Supporting Files */ = {
			isa = PBXGroup;
			children = (
				966DC12F1A1FA3F900E2984E /* Info.plist */,
			);
			name = "Supporting Files";
			sourceTree = "<group>";
		};
		968B8CA81A2A6D9D00AC363E /* Modules */ = {
			isa = PBXGroup;
			children = (
				968B8CA91A2A6DB600AC363E /* ModuleXMLHttpRequest.h */,
				968B8CAA1A2A6DB600AC363E /* ModuleXMLHttpRequest.m */,
			);
			path = Modules;
			sourceTree = "<group>";
		};
		FA47A6370E7B90994A9D6F12 /* Pods */ = {
			isa = PBXGroup;
			children = (
				39AE5F0AA38781C851BEFEE7 /* Pods-JSCoreBomTests.debug.xcconfig */,
				EA6738D23F7E8BD07847C3C1 /* Pods-JSCoreBomTests.release.xcconfig */,
			);
			name = Pods;
			sourceTree = "<group>";
		};
/* End PBXGroup section */

/* Begin PBXNativeTarget section */
		966DC1101A1FA3F900E2984E /* JSCoreBom */ = {
			isa = PBXNativeTarget;
			buildConfigurationList = 966DC1341A1FA3F900E2984E /* Build configuration list for PBXNativeTarget "JSCoreBom" */;
			buildPhases = (
				966DC10D1A1FA3F900E2984E /* Sources */,
				966DC10E1A1FA3F900E2984E /* Frameworks */,
				966DC10F1A1FA3F900E2984E /* Resources */,
			);
			buildRules = (
			);
			dependencies = (
			);
			name = JSCoreBom;
			productName = JSCoreBom;
			productReference = 966DC1111A1FA3F900E2984E /* JSCoreBom.app */;
			productType = "com.apple.product-type.application";
		};
		966DC1291A1FA3F900E2984E /* JSCoreBomTests */ = {
			isa = PBXNativeTarget;
			buildConfigurationList = 966DC1371A1FA3F900E2984E /* Build configuration list for PBXNativeTarget "JSCoreBomTests" */;
			buildPhases = (
				830B0A57CC1A3C0875E38E25 /* Check Pods Manifest.lock */,
				966DC1261A1FA3F900E2984E /* Sources */,
				966DC1271A1FA3F900E2984E /* Frameworks */,
				966DC1281A1FA3F900E2984E /* Resources */,
				154621F878DC539C7B3FB66B /* Copy Pods Resources */,
			);
			buildRules = (
			);
			dependencies = (
				966DC12C1A1FA3F900E2984E /* PBXTargetDependency */,
			);
			name = JSCoreBomTests;
			productName = JSCoreBomTests;
			productReference = 966DC12A1A1FA3F900E2984E /* JSCoreBomTests.xctest */;
			productType = "com.apple.product-type.bundle.unit-test";
		};
/* End PBXNativeTarget section */

/* Begin PBXProject section */
		966DC1091A1FA3F900E2984E /* Project object */ = {
			isa = PBXProject;
			attributes = {
				LastUpgradeCheck = 0610;
				ORGANIZATIONNAME = fessguid;
				TargetAttributes = {
					966DC1101A1FA3F900E2984E = {
						CreatedOnToolsVersion = 6.1;
					};
					966DC1291A1FA3F900E2984E = {
						CreatedOnToolsVersion = 6.1;
						TestTargetID = 966DC1101A1FA3F900E2984E;
					};
				};
			};
			buildConfigurationList = 966DC10C1A1FA3F900E2984E /* Build configuration list for PBXProject "JSCoreBom" */;
			compatibilityVersion = "Xcode 3.2";
			developmentRegion = English;
			hasScannedForEncodings = 0;
			knownRegions = (
				en,
				Base,
			);
			mainGroup = 966DC1081A1FA3F900E2984E;
			productRefGroup = 966DC1121A1FA3F900E2984E /* Products */;
			projectDirPath = "";
			projectRoot = "";
			targets = (
				966DC1101A1FA3F900E2984E /* JSCoreBom */,
				966DC1291A1FA3F900E2984E /* JSCoreBomTests */,
			);
		};
/* End PBXProject section */

/* Begin PBXResourcesBuildPhase section */
		966DC10F1A1FA3F900E2984E /* Resources */ = {
			isa = PBXResourcesBuildPhase;
			buildActionMask = 2147483647;
			files = (
			);
			runOnlyForDeploymentPostprocessing = 0;
		};
		966DC1281A1FA3F900E2984E /* Resources */ = {
			isa = PBXResourcesBuildPhase;
			buildActionMask = 2147483647;
			files = (
			);
			runOnlyForDeploymentPostprocessing = 0;
		};
/* End PBXResourcesBuildPhase section */

/* Begin PBXShellScriptBuildPhase section */
		154621F878DC539C7B3FB66B /* Copy Pods Resources */ = {
			isa = PBXShellScriptBuildPhase;
			buildActionMask = 2147483647;
			files = (
			);
			inputPaths = (
			);
			name = "Copy Pods Resources";
			outputPaths = (
			);
			runOnlyForDeploymentPostprocessing = 0;
			shellPath = /bin/sh;
			shellScript = "\"${SRCROOT}/Pods/Target Support Files/Pods-JSCoreBomTests/Pods-JSCoreBomTests-resources.sh\"\n";
			showEnvVarsInLog = 0;
		};
		830B0A57CC1A3C0875E38E25 /* Check Pods Manifest.lock */ = {
			isa = PBXShellScriptBuildPhase;
			buildActionMask = 2147483647;
			files = (
			);
			inputPaths = (
			);
			name = "Check Pods Manifest.lock";
			outputPaths = (
			);
			runOnlyForDeploymentPostprocessing = 0;
			shellPath = /bin/sh;
			shellScript = "diff \"${PODS_ROOT}/../Podfile.lock\" \"${PODS_ROOT}/Manifest.lock\" > /dev/null\nif [[ $? != 0 ]] ; then\n    cat << EOM\nerror: The sandbox is not in sync with the Podfile.lock. Run 'pod install' or update your CocoaPods installation.\nEOM\n    exit 1\nfi\n";
			showEnvVarsInLog = 0;
		};
/* End PBXShellScriptBuildPhase section */

/* Begin PBXSourcesBuildPhase section */
		966DC10D1A1FA3F900E2984E /* Sources */ = {
			isa = PBXSourcesBuildPhase;
			buildActionMask = 2147483647;
			files = (
				966DC13C1A1FA44400E2984E /* JSCoreBom.m in Sources */,
				966DC1171A1FA3F900E2984E /* main.m in Sources */,
				968B8CAB1A2A6DB600AC363E /* ModuleXMLHttpRequest.m in Sources */,
			);
			runOnlyForDeploymentPostprocessing = 0;
		};
		966DC1261A1FA3F900E2984E /* Sources */ = {
			isa = PBXSourcesBuildPhase;
			buildActionMask = 2147483647;
			files = (
				966DC1311A1FA3F900E2984E /* JSCoreBomTests.m in Sources */,
			);
			runOnlyForDeploymentPostprocessing = 0;
		};
/* End PBXSourcesBuildPhase section */

/* Begin PBXTargetDependency section */
		966DC12C1A1FA3F900E2984E /* PBXTargetDependency */ = {
			isa = PBXTargetDependency;
			target = 966DC1101A1FA3F900E2984E /* JSCoreBom */;
			targetProxy = 966DC12B1A1FA3F900E2984E /* PBXContainerItemProxy */;
		};
/* End PBXTargetDependency section */

/* Begin XCBuildConfiguration section */
		966DC1321A1FA3F900E2984E /* Debug */ = {
			isa = XCBuildConfiguration;
			buildSettings = {
				ALWAYS_SEARCH_USER_PATHS = NO;
				CLANG_CXX_LANGUAGE_STANDARD = "gnu++0x";
				CLANG_CXX_LIBRARY = "libc++";
				CLANG_ENABLE_MODULES = YES;
				CLANG_ENABLE_OBJC_ARC = YES;
				CLANG_WARN_BOOL_CONVERSION = YES;
				CLANG_WARN_CONSTANT_CONVERSION = YES;
				CLANG_WARN_DIRECT_OBJC_ISA_USAGE = YES_ERROR;
				CLANG_WARN_EMPTY_BODY = YES;
				CLANG_WARN_ENUM_CONVERSION = YES;
				CLANG_WARN_INT_CONVERSION = YES;
				CLANG_WARN_OBJC_ROOT_CLASS = YES_ERROR;
				CLANG_WARN_UNREACHABLE_CODE = YES;
				CLANG_WARN__DUPLICATE_METHOD_MATCH = YES;
				"CODE_SIGN_IDENTITY[sdk=iphoneos*]" = "iPhone Developer";
				COPY_PHASE_STRIP = NO;
				ENABLE_STRICT_OBJC_MSGSEND = YES;
				GCC_C_LANGUAGE_STANDARD = gnu99;
				GCC_DYNAMIC_NO_PIC = NO;
				GCC_OPTIMIZATION_LEVEL = 0;
				GCC_PREPROCESSOR_DEFINITIONS = (
					"DEBUG=1",
					"$(inherited)",
				);
				GCC_SYMBOLS_PRIVATE_EXTERN = NO;
				GCC_WARN_64_TO_32_BIT_CONVERSION = YES;
				GCC_WARN_ABOUT_RETURN_TYPE = YES_ERROR;
				GCC_WARN_UNDECLARED_SELECTOR = YES;
				GCC_WARN_UNINITIALIZED_AUTOS = YES_AGGRESSIVE;
				GCC_WARN_UNUSED_FUNCTION = YES;
				GCC_WARN_UNUSED_VARIABLE = YES;
				IPHONEOS_DEPLOYMENT_TARGET = 8.1;
				MTL_ENABLE_DEBUG_INFO = YES;
				ONLY_ACTIVE_ARCH = YES;
				SDKROOT = iphoneos;
				TARGETED_DEVICE_FAMILY = "1,2";
			};
			name = Debug;
		};
		966DC1331A1FA3F900E2984E /* Release */ = {
			isa = XCBuildConfiguration;
			buildSettings = {
				ALWAYS_SEARCH_USER_PATHS = NO;
				CLANG_CXX_LANGUAGE_STANDARD = "gnu++0x";
				CLANG_CXX_LIBRARY = "libc++";
				CLANG_ENABLE_MODULES = YES;
				CLANG_ENABLE_OBJC_ARC = YES;
				CLANG_WARN_BOOL_CONVERSION = YES;
				CLANG_WARN_CONSTANT_CONVERSION = YES;
				CLANG_WARN_DIRECT_OBJC_ISA_USAGE = YES_ERROR;
				CLANG_WARN_EMPTY_BODY = YES;
				CLANG_WARN_ENUM_CONVERSION = YES;
				CLANG_WARN_INT_CONVERSION = YES;
				CLANG_WARN_OBJC_ROOT_CLASS = YES_ERROR;
				CLANG_WARN_UNREACHABLE_CODE = YES;
				CLANG_WARN__DUPLICATE_METHOD_MATCH = YES;
				"CODE_SIGN_IDENTITY[sdk=iphoneos*]" = "iPhone Developer";
				COPY_PHASE_STRIP = YES;
				ENABLE_NS_ASSERTIONS = NO;
				ENABLE_STRICT_OBJC_MSGSEND = YES;
				GCC_C_LANGUAGE_STANDARD = gnu99;
				GCC_WARN_64_TO_32_BIT_CONVERSION = YES;
				GCC_WARN_ABOUT_RETURN_TYPE = YES_ERROR;
				GCC_WARN_UNDECLARED_SELECTOR = YES;
				GCC_WARN_UNINITIALIZED_AUTOS = YES_AGGRESSIVE;
				GCC_WARN_UNUSED_FUNCTION = YES;
				GCC_WARN_UNUSED_VARIABLE = YES;
				IPHONEOS_DEPLOYMENT_TARGET = 8.1;
				MTL_ENABLE_DEBUG_INFO = NO;
				SDKROOT = iphoneos;
				TARGETED_DEVICE_FAMILY = "1,2";
				VALIDATE_PRODUCT = YES;
			};
			name = Release;
		};
		966DC1351A1FA3F900E2984E /* Debug */ = {
			isa = XCBuildConfiguration;
			buildSettings = {
				ASSETCATALOG_COMPILER_APPICON_NAME = AppIcon;
				INFOPLIST_FILE = JSCoreBom/Info.plist;
				LD_RUNPATH_SEARCH_PATHS = "$(inherited) @executable_path/Frameworks";
				PRODUCT_NAME = "$(TARGET_NAME)";
			};
			name = Debug;
		};
		966DC1361A1FA3F900E2984E /* Release */ = {
			isa = XCBuildConfiguration;
			buildSettings = {
				ASSETCATALOG_COMPILER_APPICON_NAME = AppIcon;
				INFOPLIST_FILE = JSCoreBom/Info.plist;
				LD_RUNPATH_SEARCH_PATHS = "$(inherited) @executable_path/Frameworks";
				PRODUCT_NAME = "$(TARGET_NAME)";
			};
			name = Release;
		};
		966DC1381A1FA3F900E2984E /* Debug */ = {
			isa = XCBuildConfiguration;
			baseConfigurationReference = 39AE5F0AA38781C851BEFEE7 /* Pods-JSCoreBomTests.debug.xcconfig */;
			buildSettings = {
				BUNDLE_LOADER = "$(TEST_HOST)";
				FRAMEWORK_SEARCH_PATHS = (
					"$(SDKROOT)/Developer/Library/Frameworks",
					"$(inherited)",
				);
				GCC_PREPROCESSOR_DEFINITIONS = (
					"DEBUG=1",
					"$(inherited)",
				);
				INFOPLIST_FILE = JSCoreBomTests/Info.plist;
				LD_RUNPATH_SEARCH_PATHS = "$(inherited) @executable_path/Frameworks @loader_path/Frameworks";
				PRODUCT_NAME = "$(TARGET_NAME)";
				TEST_HOST = "$(BUILT_PRODUCTS_DIR)/JSCoreBom.app/JSCoreBom";
			};
			name = Debug;
		};
		966DC1391A1FA3F900E2984E /* Release */ = {
			isa = XCBuildConfiguration;
			baseConfigurationReference = EA6738D23F7E8BD07847C3C1 /* Pods-JSCoreBomTests.release.xcconfig */;
			buildSettings = {
				BUNDLE_LOADER = "$(TEST_HOST)";
				FRAMEWORK_SEARCH_PATHS = (
					"$(SDKROOT)/Developer/Library/Frameworks",
					"$(inherited)",
				);
				INFOPLIST_FILE = JSCoreBomTests/Info.plist;
				LD_RUNPATH_SEARCH_PATHS = "$(inherited) @executable_path/Frameworks @loader_path/Frameworks";
				PRODUCT_NAME = "$(TARGET_NAME)";
				TEST_HOST = "$(BUILT_PRODUCTS_DIR)/JSCoreBom.app/JSCoreBom";
			};
			name = Release;
		};
/* End XCBuildConfiguration section */

/* Begin XCConfigurationList section */
		966DC10C1A1FA3F900E2984E /* Build configuration list for PBXProject "JSCoreBom" */ = {
			isa = XCConfigurationList;
			buildConfigurations = (
				966DC1321A1FA3F900E2984E /* Debug */,
				966DC1331A1FA3F900E2984E /* Release */,
			);
			defaultConfigurationIsVisible = 0;
			defaultConfigurationName = Release;
		};
		966DC1341A1FA3F900E2984E /* Build configuration list for PBXNativeTarget "JSCoreBom" */ = {
			isa = XCConfigurationList;
			buildConfigurations = (
				966DC1351A1FA3F900E2984E /* Debug */,
				966DC1361A1FA3F900E2984E /* Release */,
			);
			defaultConfigurationIsVisible = 0;
			defaultConfigurationName = Release;
		};
		966DC1371A1FA3F900E2984E /* Build configuration list for PBXNativeTarget "JSCoreBomTests" */ = {
			isa = XCConfigurationList;
			buildConfigurations = (
				966DC1381A1FA3F900E2984E /* Debug */,
				966DC1391A1FA3F900E2984E /* Release */,
			);
			defaultConfigurationIsVisible = 0;
			defaultConfigurationName = Release;
		};
/* End XCConfigurationList section */
	};
	rootObject = 966DC1091A1FA3F900E2984E /* Project object */;
}
